
Microsoft Visual Studio Solution File, Format Version 12.00
# Visual Studio Version 17
VisualStudioVersion = 17.3.32825.248
MinimumVisualStudioVersion = 10.0.40219.1
Project("{FAE04EC0-301F-11D3-BF4B-00C04F79EFBC}") = "WpfApp1", "WpfApp1\WpfApp1.csproj", "{B86FAD8D-AAC5-406B-8EA1-127C3352E93B}"
EndProject
Global
	GlobalSection(SolutionConfigurationPlatforms) = preSolution
		Debug|Any CPU = Debug|Any CPU
		Release|Any CPU = Release|Any CPU
	EndGlobalSection
	GlobalSection(ProjectConfigurationPlatforms) = postSolution
		{B86FAD8D-AAC5-406B-8EA1-127C3352E93B}.Debug|Any CPU.ActiveCfg = Debug|Any CPU
		{B86FAD8D-AAC5-406B-8EA1-127C3352E93B}.Debug|Any CPU.Build.0 = Debug|Any CPU
		{B86FAD8D-AAC5-406B-8EA1-127C3352E93B}.Release|Any CPU.ActiveCfg = Release|Any CPU
		{B86FAD8D-AAC5-406B-8EA1-127C3352E93B}.Release|Any CPU.Build.0 = Release|Any CPU
	EndGlobalSection
	GlobalSection(SolutionProperties) = preSolution
		HideSolutionNode = FALSE
	EndGlobalSection
	GlobalSection(ExtensibilityGlobals) = postSolution
		SolutionGuid = {331D38F2-C08B-41E4-B021-427E8E3D50E9}
	EndGlobalSection
EndGlobal
